schema: '2.0'
stages:
  precompute-tree@1:
    cmd: python ./precompute_tree.py -n 3 --start_player circle --out_dir ./trees/3/circle
    deps:
    - path: ./precompute_tree.py
      md5: 32255a674a814fb11439eb911270ad81
      size: 1194
    outs:
    - path: ./trees/3/circle
      md5: 49991dfea7f3942a64e16d75eda11df5.dir
      size: 116094237
      nfiles: 1
  precompute-tree@0:
    cmd: python ./precompute_tree.py -n 3 --start_player cross --out_dir ./trees/3/cross
    deps:
    - path: ./precompute_tree.py
      md5: 32255a674a814fb11439eb911270ad81
      size: 1194
    outs:
    - path: ./trees/3/cross
      md5: ab803245b46a6fa3efc71cad67dda394.dir
      size: 116094313
      nfiles: 1
  precompute-tree:
    cmd: python ./precompute_tree.py -n 3 --start_player cross --out_dir ./trees/3/cross
    deps:
    - path: ./precompute_tree.py
      md5: de55971f3381582cec4b31ea6891f310
      size: 1125
    outs:
    - path: ./trees/3/cross
      md5: cc2a0ece3fc9bf1c6195a0f90bf8ecfb.dir
      size: 62450851
      nfiles: 1
