schema: '2.0'
stages:
  precompute-tree@1:
    cmd: python ./precompute_tree.py -n 3 --start_player circle --out_dir ./trees/3/circle
    deps:
    - path: ./precompute_tree.py
      md5: 32255a674a814fb11439eb911270ad81
      size: 1194
    outs:
    - path: ./trees/3/circle
      md5: 49991dfea7f3942a64e16d75eda11df5.dir
      size: 116094237
      nfiles: 1
  precompute-tree@0:
    cmd: python ./precompute_tree.py -n 3 --start_player cross --out_dir ./trees/3/cross
    deps:
    - path: ./precompute_tree.py
      md5: 32255a674a814fb11439eb911270ad81
      size: 1194
    outs:
    - path: ./trees/3/cross
      md5: ab803245b46a6fa3efc71cad67dda394.dir
      size: 116094313
      nfiles: 1
